{
    "_meta": {
        "hash": {
            "sha256": "bd7c344b6ebeafefff272cdf0cb171af2e68b3c2f02d5636e9f4d0e130dfd13c"
        },
        "pipfile-spec": 6,
        "requires": {
            "python_version": "2.7"
        },
        "sources": [
            {
                "name": "pypi",
                "url": "https://pypi.org/simple",
                "verify_ssl": true
            }
        ]
    },
    "default": {
        "aniso8601": {
            "hashes": [
                "sha256:502400f82574afa804cc915d83f15c67533d364dcd594f8a6b9d2053f3404dd4"
            ],
            "index": "pypi",
            "version": "==1.2.0"
        },
        "backports-abc": {
            "hashes": [
                "sha256:033be54514a03e255df75c5aee8f9e672f663f93abb723444caec8fe43437bde",
                "sha256:52089f97fe7a9aa0d3277b220c1d730a85aefd64e1b2664696fe35317c5470a7"
            ],
            "index": "pypi",
            "version": "==0.5"
        },
        "certifi": {
            "hashes": [
                "sha256:8275aef1bbeaf05c53715bfc5d8569bd1e04ca1e8e69608cc52bcaac2604eb19",
                "sha256:a60073d7bb5cb01671877efda875e8dab755b98baedfbb9b8b3d9be2d52ad022"
            ],
            "index": "pypi",
            "version": "==2016.9.26"
        },
        "click": {
            "hashes": [
                "sha256:29f99fc6125fbc931b758dc053b3114e55c77a6e4c6c3a2674a2dc986016381d",
                "sha256:f15516df478d5a56180fbf80e68f206010e6d160fc39fa508b65e035fd75130b"
            ],
            "index": "pypi",
            "version": "==6.7"
        },
        "flask": {
            "hashes": [
                "sha256:7f03bb2c255452444f7265eddb51601806e5447b6f8a2d50bbc77a654a14c118",
                "sha256:93e803cdbe326a61ebd5c5d353959397c85f829bec610d59cb635c9f97d7ca8b"
            ],
            "index": "pypi",
            "version": "==0.12"
        },
        "flask-mongoengine": {
            "hashes": [
                "sha256:f2937413342adda842144c74cc8d7dedaeeed481f8064696f8ab5b74307783d8",
                "sha256:f746e8ec78e40482f8861dd15427b714fb395b4461754521371819745cf0502a"
            ],
            "index": "pypi",
            "version": "==0.8.2"
        },
        "flask-restful": {
            "hashes": [
                "sha256:7799326da016045bb6e67d6ff7be334303408b9dca39a68f0a2a4e54078f0389",
                "sha256:cce4aeff959b571136b5af098bebe7d3deeca7eb1411c4e722ff2c5356ab4c42"
            ],
            "index": "pypi",
            "version": "==0.3.5"
        },
        "flask-restful-swagger": {
            "hashes": [
                "sha256:dbd43cf6eacdbe5ddc2bf4adc2272cf432943631c2df35069255f6d220a2ba9a"
            ],
            "index": "pypi",
            "version": "==0.19"
        },
        "flask-stathat": {
            "hashes": [
                "sha256:1d143f52816676c46edb98d8976d83e5e4e39c068a9c190222ab41bfe8a0603b"
            ],
            "index": "pypi",
            "version": "==0.1.2"
        },
        "flask-wtf": {
            "hashes": [
                "sha256:5d14d55cfd35f613d99ee7cba0fc3fbbe63ba02f544d349158c14ca15561cc36",
                "sha256:d9a9e366b32dcbb98ef17228e76be15702cd2600675668bca23f63a7947fd5ac"
            ],
            "index": "pypi",
            "version": "==0.14.2"
        },
        "itsdangerous": {
            "hashes": [
                "sha256:cbb3fcf8d3e33df861709ecaf89d9e6629cff0a217bc2848f1b41cd30d360519"
            ],
            "index": "pypi",
            "version": "==0.24"
        },
        "jinja2": {
            "hashes": [
                "sha256:93b97a811b575998899b293fdb2144c536aeb7d6ee13464b0cf8e86ae64eb56b",
                "sha256:aab8d8ca9f45624f1e77f2844bf3c144d180e97da8824c2a6d7552ad039b5442"
            ],
            "index": "pypi",
            "version": "==2.9.4"
        },
        "markupsafe": {
            "hashes": [
                "sha256:a4ec1aff59b95a14b45eb2e23761a0179e98319da5a7eb76b56ea8cdc7b871c3"
            ],
            "index": "pypi",
            "version": "==0.23"
        },
        "mongoengine": {
            "hashes": [
                "sha256:39532b0d2d26de3bb2bb174fef0209bb1925f81942b999808050d99917c0c6b9"
            ],
            "index": "pypi",
            "version": "==0.11.0"
        },
        "pymongo": {
            "hashes": [
                "sha256:07105b57bb185db0631076e1d2bf005c442270d098e491ccfb4a98efa3f2c9cc",
                "sha256:13502d4e46905934c5b66331710bda1bee392bb6be024f77b0e37df59ff1e887",
                "sha256:2d099d66912983d2099c816c12d72adc15a703c3655af53eadefb5f2e39648fc",
                "sha256:31dd07b2bfeb083fb0c24da3b1fd1c807ddc30c3fc23e40c5624932a694d211d",
                "sha256:3223bbe13b723f9e5ede7d69535b6aee795ac802dfd881d6e2f29dce3432f5b0",
                "sha256:3c9c23d589d6fd5736fe4779377356c6e77826a5d56b25d8d90b372f682fe101",
                "sha256:5398ae1a5d7f0dd0cc4f28246f14abac7f5082c9d6fd0fa28f32881cd6d696ee",
                "sha256:5a3729466eb9d834b4e5f24a9a39108800b66b0a703da8f52eb69ff0583744c3",
                "sha256:5c41bd8be1643e7c99412f1d7cd061d1436288307ac398378c4ef6b868bf2798",
                "sha256:5ffffa7c4d595138e86a9c499ddb962edcbdcd80a3138a7b81a36947f1b815e6",
                "sha256:6cc73df41330be908c962dafceb1cd8d7155ccb3899c3708d0cf11ae31e7610b",
                "sha256:775443cebf95614165c5c9bb96fd0ceba8f8199379a843ecd5c71934bf897d83",
                "sha256:835a881111f2c403cfa9aa0a591257414e821efc89be607a8065c3fc23cf013a",
                "sha256:86beb4be0ffca122026637fe09edb69b6bb81c579c266fc5b671f2a4591bf4a6",
                "sha256:8e0b5366f08875e6dfd4acf587c49eb813e8149106701f40dcca3ccfb14c1f5d",
                "sha256:8ee9ba58e15a5f73adf0408364ad91f076a8690419e3268a5abbc4f901e45fa9",
                "sha256:9568d2b3f2e0bbfb5206a381203145f4055394b893ff4e074f6ea0480deee9c1",
                "sha256:97b989555b286dd8733cd44f3e6c3adc6a6d082a8b8b24c200ca943fe8b41d99",
                "sha256:9b7ae4ff7517960d311f577319ddac3c9fcf91fdf7c024a764e30b1578c0a9a5",
                "sha256:9fcf265d83d84d9b82f8537843bde02e4553321d53b06fe00767b9ebb76f63fd",
                "sha256:a0a21767c782afedf55d1261d92b95aa70428ee70ea8dde4bc746d51ac9b5e0e",
                "sha256:a273fa0dc2ddeaa525e73bbee7b980eb39ee016c7bee54661bb2f7d441b54692",
                "sha256:af82605e4d052c9d4aa2aff473eea0c8a10afdf2a1098f23793298e9072724e6",
                "sha256:b37369901832ef5a66e236c031ba75a1de27e9316c4d5b8157e236b513f1f50c",
                "sha256:c59d1e9a7590f79afc18f6445a38233231de7321b95bf5a50f0caa82af5db19f",
                "sha256:c80d29b576779d8fa715fa2cacce496712ca4928e14db99c08577eb9463ef24e",
                "sha256:d359349c6c9ff9f482805f89e66e476846317dc7b1eea979d7da9c0857ee2721",
                "sha256:d35d430c02149a1be51e04232e4c3430b56e093a7f8537bc062dfbc1d16c59ba",
                "sha256:deb09ff6837e7d701e5896422bf6f3934092ead977fd68616dccab5aa43ba089",
                "sha256:e10e103c5631958e0f29c560bd446e4332948a364912227bc30f421ed1d6ab99",
                "sha256:ed4120c40a17d1b9e1620b2b64a748333882fe7ab8d117bcb55768f6fd3343b1",
                "sha256:f6bed3a53bdaba9b5cdcd7e83749b1c91918736643e90593751abb3df7144b8c"
            ],
            "index": "pypi",
            "version": "==3.4.0"
        },
        "python-dateutil": {
            "hashes": [
                "sha256:3acbef017340600e9ff8f2994d8f7afd6eacb295383f286466a6df3961e486f0",
                "sha256:537bf2a8f8ce6f6862ad705cd68f9e405c0b5db014aa40fa29eab4335d4b1716",
                "sha256:62a2f8df3d66f878373fd0072eacf4ee52194ba302e00082828e0d263b0418d2"
            ],
            "index": "pypi",
            "version": "==2.6.0"
        },
        "pytz": {
            "hashes": [
                "sha256:7016b2c4fa075c564b81c37a252a5fccf60d8964aa31b7f5eae59aeb594ae02b",
                "sha256:9a43e20aa537cfad8fe7a1715165c91cb4a6935d40947f2d070e4c80f2dcd22b",
                "sha256:a1ea35e87a63c7825846d5b5c81d23d668e8a102d3b1b465ce95afe1b3a2e065",
                "sha256:aafbf066975fe217ed49d7d197b26903d3b43e9ca2aa6ba0a211081f13c41917"
            ],
            "index": "pypi",
            "version": "==2016.10"
        },
        "requests": {
            "hashes": [
                "sha256:000748df49e087784441b2621c50fb81046c5c8e80e0d91674ffad65b9e13844",
                "sha256:ed98431a0631e309bb4b63c81d561c1654822cb103de1ac7b47e45c26be7ae34"
            ],
            "index": "pypi",
            "version": "==2.12.4"
        },
        "singledispatch": {
            "hashes": [
                "sha256:5b06af87df13818d14f08a028e42f566640aef80805c3b50c5056b086e3c2b9c",
                "sha256:833b46966687b3de7f438c761ac475213e53b306740f1abfaa86e1d1aae56aa8"
            ],
            "index": "pypi",
            "version": "==3.4.0.3"
        },
        "six": {
            "hashes": [
                "sha256:0ff78c403d9bccf5a425a6d31a12aa6b47f1c21ca4dc2573a7e2f32a97335eb1",
                "sha256:105f8d68616f8248e24bf0e9372ef04d3cc10104f1980f54d57b2ce73a5ad56a"
            ],
            "index": "pypi",
            "version": "==1.10.0"
        },
        "tornado": {
            "hashes": [
                "sha256:051f46b0bb8bca1c4aeaeed1631f2533d559149c4baa52d22805d75ddfd13d63",
                "sha256:2898f992f898cd41eeb8d53b6df75495f2f423b6672890aadaf196ea1448edcc",
                "sha256:bbfc2d8acaaf89863bdfd06550d0a3036e15ad6552c5d381a99b4eb2e2357b36"
            ],
            "index": "pypi",
            "version": "==4.4.2"
        },
        "werkzeug": {
            "hashes": [
                "sha256:455d7798ac263266dbd38d4841f7534dd35ca9c3da4a8df303f8488f38f3bcc0",
                "sha256:c6f6f89124df0514d886782c658c3e12f2caaa94da34cee3fd82eebf4ebf052b"
            ],
            "index": "pypi",
            "version": "==0.11.15"
        },
        "wtforms": {
            "hashes": [
                "sha256:ffdf10bd1fa565b8233380cb77a304cd36fd55c73023e91d4b803c96bc11d46f"
            ],
            "index": "pypi",
            "version": "==2.1"
        }
    },
    "develop": {}
}
